
Microsoft Visual Studio Solution File, Format Version 12.00
# Visual Studio Version 17
VisualStudioVersion = 17.7.34031.279
MinimumVisualStudioVersion = 10.0.40219.1
Project("{FAE04EC0-301F-11D3-BF4B-00C04F79EFBC}") = "6tti_andras_ClassesLieesEtHeritage", "6tti_andras_ClassesLieesEtHeritage.csproj", "{CDD3DCB9-7DFA-4DFD-84FA-B07D89D0B767}"
EndProject
Global
	GlobalSection(SolutionConfigurationPlatforms) = preSolution
		Debug|Any CPU = Debug|Any CPU
		Release|Any CPU = Release|Any CPU
	EndGlobalSection
	GlobalSection(ProjectConfigurationPlatforms) = postSolution
		{CDD3DCB9-7DFA-4DFD-84FA-B07D89D0B767}.Debug|Any CPU.ActiveCfg = Debug|Any CPU
		{CDD3DCB9-7DFA-4DFD-84FA-B07D89D0B767}.Debug|Any CPU.Build.0 = Debug|Any CPU
		{CDD3DCB9-7DFA-4DFD-84FA-B07D89D0B767}.Release|Any CPU.ActiveCfg = Release|Any CPU
		{CDD3DCB9-7DFA-4DFD-84FA-B07D89D0B767}.Release|Any CPU.Build.0 = Release|Any CPU
	EndGlobalSection
	GlobalSection(SolutionProperties) = preSolution
		HideSolutionNode = FALSE
	EndGlobalSection
	GlobalSection(ExtensibilityGlobals) = postSolution
		SolutionGuid = {D9191144-AFE9-40C9-B21B-8063D3FAC331}
	EndGlobalSection
EndGlobal
