
Microsoft Visual Studio Solution File, Format Version 12.00
# Visual Studio Version 17
VisualStudioVersion = 17.7.34031.279
MinimumVisualStudioVersion = 10.0.40219.1
Project("{FAE04EC0-301F-11D3-BF4B-00C04F79EFBC}") = "tryparseRAPPELS", "tryparseRAPPELS.csproj", "{92B17C0B-4FC0-48C6-8E01-821917F0FAFF}"
EndProject
Global
	GlobalSection(SolutionConfigurationPlatforms) = preSolution
		Debug|Any CPU = Debug|Any CPU
		Release|Any CPU = Release|Any CPU
	EndGlobalSection
	GlobalSection(ProjectConfigurationPlatforms) = postSolution
		{92B17C0B-4FC0-48C6-8E01-821917F0FAFF}.Debug|Any CPU.ActiveCfg = Debug|Any CPU
		{92B17C0B-4FC0-48C6-8E01-821917F0FAFF}.Debug|Any CPU.Build.0 = Debug|Any CPU
		{92B17C0B-4FC0-48C6-8E01-821917F0FAFF}.Release|Any CPU.ActiveCfg = Release|Any CPU
		{92B17C0B-4FC0-48C6-8E01-821917F0FAFF}.Release|Any CPU.Build.0 = Release|Any CPU
	EndGlobalSection
	GlobalSection(SolutionProperties) = preSolution
		HideSolutionNode = FALSE
	EndGlobalSection
	GlobalSection(ExtensibilityGlobals) = postSolution
		SolutionGuid = {320E15FF-E1E6-4B9D-9C44-737C13109586}
	EndGlobalSection
EndGlobal
