
Microsoft Visual Studio Solution File, Format Version 12.00
# Visual Studio Version 17
VisualStudioVersion = 17.7.34031.279
MinimumVisualStudioVersion = 10.0.40219.1
Project("{FAE04EC0-301F-11D3-BF4B-00C04F79EFBC}") = "Andras-ExSimples", "Andras-ExSimples.csproj", "{20C498D8-3AC6-4677-BD73-9DCC3B72D818}"
EndProject
Global
	GlobalSection(SolutionConfigurationPlatforms) = preSolution
		Debug|Any CPU = Debug|Any CPU
		Release|Any CPU = Release|Any CPU
	EndGlobalSection
	GlobalSection(ProjectConfigurationPlatforms) = postSolution
		{20C498D8-3AC6-4677-BD73-9DCC3B72D818}.Debug|Any CPU.ActiveCfg = Debug|Any CPU
		{20C498D8-3AC6-4677-BD73-9DCC3B72D818}.Debug|Any CPU.Build.0 = Debug|Any CPU
		{20C498D8-3AC6-4677-BD73-9DCC3B72D818}.Release|Any CPU.ActiveCfg = Release|Any CPU
		{20C498D8-3AC6-4677-BD73-9DCC3B72D818}.Release|Any CPU.Build.0 = Release|Any CPU
	EndGlobalSection
	GlobalSection(SolutionProperties) = preSolution
		HideSolutionNode = FALSE
	EndGlobalSection
	GlobalSection(ExtensibilityGlobals) = postSolution
		SolutionGuid = {3DECC059-A17D-4C86-A77C-D44B10F626EA}
	EndGlobalSection
EndGlobal
