
Microsoft Visual Studio Solution File, Format Version 12.00
# Visual Studio Version 17
VisualStudioVersion = 17.7.34031.279
MinimumVisualStudioVersion = 10.0.40219.1
Project("{FAE04EC0-301F-11D3-BF4B-00C04F79EFBC}") = "6tti_andras_ClassesLiees_simplifie", "6tti_andras_ClassesLiees_simplifie.csproj", "{9136350B-E575-4BE5-9C5E-2A2A3811516B}"
EndProject
Global
	GlobalSection(SolutionConfigurationPlatforms) = preSolution
		Debug|Any CPU = Debug|Any CPU
		Release|Any CPU = Release|Any CPU
	EndGlobalSection
	GlobalSection(ProjectConfigurationPlatforms) = postSolution
		{9136350B-E575-4BE5-9C5E-2A2A3811516B}.Debug|Any CPU.ActiveCfg = Debug|Any CPU
		{9136350B-E575-4BE5-9C5E-2A2A3811516B}.Debug|Any CPU.Build.0 = Debug|Any CPU
		{9136350B-E575-4BE5-9C5E-2A2A3811516B}.Release|Any CPU.ActiveCfg = Release|Any CPU
		{9136350B-E575-4BE5-9C5E-2A2A3811516B}.Release|Any CPU.Build.0 = Release|Any CPU
	EndGlobalSection
	GlobalSection(SolutionProperties) = preSolution
		HideSolutionNode = FALSE
	EndGlobalSection
	GlobalSection(ExtensibilityGlobals) = postSolution
		SolutionGuid = {F6896CCA-128A-40A1-849F-61A414074120}
	EndGlobalSection
EndGlobal
