
Microsoft Visual Studio Solution File, Format Version 12.00
# Visual Studio Version 17
VisualStudioVersion = 17.7.34031.279
MinimumVisualStudioVersion = 10.0.40219.1
Project("{FAE04EC0-301F-11D3-BF4B-00C04F79EFBC}") = "introPOO", "introPOO.csproj", "{94429301-4EA7-464F-9199-E960BA711F7B}"
EndProject
Global
	GlobalSection(SolutionConfigurationPlatforms) = preSolution
		Debug|Any CPU = Debug|Any CPU
		Release|Any CPU = Release|Any CPU
	EndGlobalSection
	GlobalSection(ProjectConfigurationPlatforms) = postSolution
		{94429301-4EA7-464F-9199-E960BA711F7B}.Debug|Any CPU.ActiveCfg = Debug|Any CPU
		{94429301-4EA7-464F-9199-E960BA711F7B}.Debug|Any CPU.Build.0 = Debug|Any CPU
		{94429301-4EA7-464F-9199-E960BA711F7B}.Release|Any CPU.ActiveCfg = Release|Any CPU
		{94429301-4EA7-464F-9199-E960BA711F7B}.Release|Any CPU.Build.0 = Release|Any CPU
	EndGlobalSection
	GlobalSection(SolutionProperties) = preSolution
		HideSolutionNode = FALSE
	EndGlobalSection
	GlobalSection(ExtensibilityGlobals) = postSolution
		SolutionGuid = {7C7AAD9E-A8F9-4945-80BF-DD6C4FC2E69D}
	EndGlobalSection
EndGlobal
