
Microsoft Visual Studio Solution File, Format Version 12.00
# Visual Studio Version 17
VisualStudioVersion = 17.7.34031.279
MinimumVisualStudioVersion = 10.0.40219.1
Project("{FAE04EC0-301F-11D3-BF4B-00C04F79EFBC}") = "Andras-Ex1_Le cercle", "Andras-Ex1_Le cercle.csproj", "{2E84B312-9B73-4DB1-89E5-691E821EFBE2}"
EndProject
Global
	GlobalSection(SolutionConfigurationPlatforms) = preSolution
		Debug|Any CPU = Debug|Any CPU
		Release|Any CPU = Release|Any CPU
	EndGlobalSection
	GlobalSection(ProjectConfigurationPlatforms) = postSolution
		{2E84B312-9B73-4DB1-89E5-691E821EFBE2}.Debug|Any CPU.ActiveCfg = Debug|Any CPU
		{2E84B312-9B73-4DB1-89E5-691E821EFBE2}.Debug|Any CPU.Build.0 = Debug|Any CPU
		{2E84B312-9B73-4DB1-89E5-691E821EFBE2}.Release|Any CPU.ActiveCfg = Release|Any CPU
		{2E84B312-9B73-4DB1-89E5-691E821EFBE2}.Release|Any CPU.Build.0 = Release|Any CPU
	EndGlobalSection
	GlobalSection(SolutionProperties) = preSolution
		HideSolutionNode = FALSE
	EndGlobalSection
	GlobalSection(ExtensibilityGlobals) = postSolution
		SolutionGuid = {86B35A75-FEE5-4605-8BB7-8C408AC7F665}
	EndGlobalSection
EndGlobal
